PODS:
  - Alamofire (4.2.0)
  - LBTAComponents (0.1.9)
  - SwiftyJSON (3.1.3)
  - TRON (2.0.0):
    - Alamofire (~> 4.0)
    - TRON/SwiftyJSON (= 2.0.0)
  - TRON/Core (2.0.0):
    - Alamofire (~> 4.0)
  - TRON/SwiftyJSON (2.0.0):
    - Alamofire (~> 4.0)
    - SwiftyJSON (~> 3.1)
    - TRON/Core

DEPENDENCIES:
  - LBTAComponents (from `https://github.com/bhlvoong/LBTAComponents`)
  - TRON (~> 2.0.0)

EXTERNAL SOURCES:
  LBTAComponents:
    :git: https://github.com/bhlvoong/LBTAComponents

CHECKOUT OPTIONS:
  LBTAComponents:
    :commit: 6040506b17875777019189031a6a7525f3ab8767
    :git: https://github.com/bhlvoong/LBTAComponents

SPEC CHECKSUMS:
  Alamofire: aa2e09d871c9160ac53c90e83c68064a94e3dfbe
  LBTAComponents: ba294d8c2190b14ad8318c56d956c251638a5840
  SwiftyJSON: 38a8ea2006779c0fc4c310cb2ee8195327740faf
  TRON: 6ef37a9e845108be827bd13eec8cc37742e31a7f

PODFILE CHECKSUM: d67f79c803d99d9553d10ad735ca3748dd356085

COCOAPODS: 1.1.1
